
Microsoft Visual Studio Solution File, Format Version 12.00
# Visual Studio 14
VisualStudioVersion = 14.0.23107.0
MinimumVisualStudioVersion = 10.0.40219.1
Project("{FAE04EC0-301F-11D3-BF4B-00C04F79EFBC}") = "LoopingFlipViewUWP", "LoopingFlipViewUWP\LoopingFlipViewUWP.csproj", "{5AB432B0-99BE-4626-B606-2C8F1E5156AF}"
EndProject
Global
	GlobalSection(SolutionConfigurationPlatforms) = preSolution
		Debug|ARM = Debug|ARM
		Debug|x64 = Debug|x64
		Debug|x86 = Debug|x86
		Release|ARM = Release|ARM
		Release|x64 = Release|x64
		Release|x86 = Release|x86
	EndGlobalSection
	GlobalSection(ProjectConfigurationPlatforms) = postSolution
		{5AB432B0-99BE-4626-B606-2C8F1E5156AF}.Debug|ARM.ActiveCfg = Debug|ARM
		{5AB432B0-99BE-4626-B606-2C8F1E5156AF}.Debug|ARM.Build.0 = Debug|ARM
		{5AB432B0-99BE-4626-B606-2C8F1E5156AF}.Debug|ARM.Deploy.0 = Debug|ARM
		{5AB432B0-99BE-4626-B606-2C8F1E5156AF}.Debug|x64.ActiveCfg = Debug|x64
		{5AB432B0-99BE-4626-B606-2C8F1E5156AF}.Debug|x64.Build.0 = Debug|x64
		{5AB432B0-99BE-4626-B606-2C8F1E5156AF}.Debug|x64.Deploy.0 = Debug|x64
		{5AB432B0-99BE-4626-B606-2C8F1E5156AF}.Debug|x86.ActiveCfg = Debug|x86
		{5AB432B0-99BE-4626-B606-2C8F1E5156AF}.Debug|x86.Build.0 = Debug|x86
		{5AB432B0-99BE-4626-B606-2C8F1E5156AF}.Debug|x86.Deploy.0 = Debug|x86
		{5AB432B0-99BE-4626-B606-2C8F1E5156AF}.Release|ARM.ActiveCfg = Release|ARM
		{5AB432B0-99BE-4626-B606-2C8F1E5156AF}.Release|ARM.Build.0 = Release|ARM
		{5AB432B0-99BE-4626-B606-2C8F1E5156AF}.Release|ARM.Deploy.0 = Release|ARM
		{5AB432B0-99BE-4626-B606-2C8F1E5156AF}.Release|x64.ActiveCfg = Release|x64
		{5AB432B0-99BE-4626-B606-2C8F1E5156AF}.Release|x64.Build.0 = Release|x64
		{5AB432B0-99BE-4626-B606-2C8F1E5156AF}.Release|x64.Deploy.0 = Release|x64
		{5AB432B0-99BE-4626-B606-2C8F1E5156AF}.Release|x86.ActiveCfg = Release|x86
		{5AB432B0-99BE-4626-B606-2C8F1E5156AF}.Release|x86.Build.0 = Release|x86
		{5AB432B0-99BE-4626-B606-2C8F1E5156AF}.Release|x86.Deploy.0 = Release|x86
	EndGlobalSection
	GlobalSection(SolutionProperties) = preSolution
		HideSolutionNode = FALSE
	EndGlobalSection
EndGlobal
